
Microsoft Visual Studio Solution File, Format Version 12.00
# Visual Studio Version 17
VisualStudioVersion = 17.1.32328.378
MinimumVisualStudioVersion = 10.0.40219.1
Project("{FAE04EC0-301F-11D3-BF4B-00C04F79EFBC}") = "EmployeeWeb", "EmployeeWeb\EmployeeWeb.csproj", "{BC35C0DF-003F-4CD8-A3A9-2574A6015202}"
EndProject
Project("{FAE04EC0-301F-11D3-BF4B-00C04F79EFBC}") = "EmployeeData", "EmployeeData\EmployeeData.csproj", "{5A0C1845-FF34-4549-949C-AC35339B53EE}"
EndProject
Global
	GlobalSection(SolutionConfigurationPlatforms) = preSolution
		Debug|Any CPU = Debug|Any CPU
		Release|Any CPU = Release|Any CPU
	EndGlobalSection
	GlobalSection(ProjectConfigurationPlatforms) = postSolution
		{BC35C0DF-003F-4CD8-A3A9-2574A6015202}.Debug|Any CPU.ActiveCfg = Debug|Any CPU
		{BC35C0DF-003F-4CD8-A3A9-2574A6015202}.Debug|Any CPU.Build.0 = Debug|Any CPU
		{BC35C0DF-003F-4CD8-A3A9-2574A6015202}.Release|Any CPU.ActiveCfg = Release|Any CPU
		{BC35C0DF-003F-4CD8-A3A9-2574A6015202}.Release|Any CPU.Build.0 = Release|Any CPU
		{5A0C1845-FF34-4549-949C-AC35339B53EE}.Debug|Any CPU.ActiveCfg = Debug|Any CPU
		{5A0C1845-FF34-4549-949C-AC35339B53EE}.Debug|Any CPU.Build.0 = Debug|Any CPU
		{5A0C1845-FF34-4549-949C-AC35339B53EE}.Release|Any CPU.ActiveCfg = Release|Any CPU
		{5A0C1845-FF34-4549-949C-AC35339B53EE}.Release|Any CPU.Build.0 = Release|Any CPU
	EndGlobalSection
	GlobalSection(SolutionProperties) = preSolution
		HideSolutionNode = FALSE
	EndGlobalSection
	GlobalSection(ExtensibilityGlobals) = postSolution
		SolutionGuid = {EAEA4AEC-77E4-4500-B07B-F067327F5B4A}
	EndGlobalSection
EndGlobal
